
Microsoft Visual Studio Solution File, Format Version 12.00
# Visual Studio Version 17
VisualStudioVersion = 17.10.35013.160
MinimumVisualStudioVersion = 10.0.40219.1
Project("{FAE04EC0-301F-11D3-BF4B-00C04F79EFBC}") = "Autoclicker", "Autoclicker.csproj", "{3B14A65A-C259-46A6-A56B-2EC8493C33F7}"
EndProject
Global
	GlobalSection(SolutionConfigurationPlatforms) = preSolution
		Debug|Any CPU = Debug|Any CPU
		Release|Any CPU = Release|Any CPU
	EndGlobalSection
	GlobalSection(ProjectConfigurationPlatforms) = postSolution
		{3B14A65A-C259-46A6-A56B-2EC8493C33F7}.Debug|Any CPU.ActiveCfg = Debug|Any CPU
		{3B14A65A-C259-46A6-A56B-2EC8493C33F7}.Debug|Any CPU.Build.0 = Debug|Any CPU
		{3B14A65A-C259-46A6-A56B-2EC8493C33F7}.Release|Any CPU.ActiveCfg = Release|Any CPU
		{3B14A65A-C259-46A6-A56B-2EC8493C33F7}.Release|Any CPU.Build.0 = Release|Any CPU
	EndGlobalSection
	GlobalSection(SolutionProperties) = preSolution
		HideSolutionNode = FALSE
	EndGlobalSection
	GlobalSection(ExtensibilityGlobals) = postSolution
		SolutionGuid = {76E614A2-4FFE-4804-AE46-CC19E1899E44}
	EndGlobalSection
EndGlobal
